
Microsoft Visual Studio Solution File, Format Version 12.00
# Visual Studio 2013
VisualStudioVersion = 12.0.31101.0
MinimumVisualStudioVersion = 10.0.40219.1
Project("{FAE04EC0-301F-11D3-BF4B-00C04F79EFBC}") = "PDTS", "PDTS\PDTS.csproj", "{A5030080-C90E-4BC2-9ED7-15084706473E}"
EndProject
Project("{FAE04EC0-301F-11D3-BF4B-00C04F79EFBC}") = "PDTSTests1", "PDTSTests1\PDTSTests1.csproj", "{3BB2D264-E7F6-4C33-BAAE-8B350ACD80C1}"
EndProject
Global
	GlobalSection(SolutionConfigurationPlatforms) = preSolution
		Debug|Any CPU = Debug|Any CPU
		Release|Any CPU = Release|Any CPU
	EndGlobalSection
	GlobalSection(ProjectConfigurationPlatforms) = postSolution
		{A5030080-C90E-4BC2-9ED7-15084706473E}.Debug|Any CPU.ActiveCfg = Debug|Any CPU
		{A5030080-C90E-4BC2-9ED7-15084706473E}.Debug|Any CPU.Build.0 = Debug|Any CPU
		{A5030080-C90E-4BC2-9ED7-15084706473E}.Release|Any CPU.ActiveCfg = Release|Any CPU
		{A5030080-C90E-4BC2-9ED7-15084706473E}.Release|Any CPU.Build.0 = Release|Any CPU
		{3BB2D264-E7F6-4C33-BAAE-8B350ACD80C1}.Debug|Any CPU.ActiveCfg = Debug|Any CPU
		{3BB2D264-E7F6-4C33-BAAE-8B350ACD80C1}.Debug|Any CPU.Build.0 = Debug|Any CPU
		{3BB2D264-E7F6-4C33-BAAE-8B350ACD80C1}.Release|Any CPU.ActiveCfg = Release|Any CPU
		{3BB2D264-E7F6-4C33-BAAE-8B350ACD80C1}.Release|Any CPU.Build.0 = Release|Any CPU
	EndGlobalSection
	GlobalSection(SolutionProperties) = preSolution
		HideSolutionNode = FALSE
	EndGlobalSection
EndGlobal
